// !$*UTF8*$!
{
	archiveVersion = 1;
	classes = {
	};
	objectVersion = 46;
	objects = {

/* Begin PBXBuildFile section */
		032563ED1AB50CA500B98388 /* boot2docker-status-icon.png in Resources */ = {isa = PBXBuildFile; fileRef = 032563EC1AB50CA500B98388 /* boot2docker-status-icon.png */; };
		0341A0F31AB49FEE00320BA8 /* AppDelegate.m in Sources */ = {isa = PBXBuildFile; fileRef = 0341A0F21AB49FEE00320BA8 /* AppDelegate.m */; };
		0341A0F51AB49FEE00320BA8 /* main.m in Sources */ = {isa = PBXBuildFile; fileRef = 0341A0F41AB49FEE00320BA8 /* main.m */; };
		0341A0F71AB49FEE00320BA8 /* Images.xcassets in Resources */ = {isa = PBXBuildFile; fileRef = 0341A0F61AB49FEE00320BA8 /* Images.xcassets */; };
		0341A0FA1AB49FEE00320BA8 /* MainMenu.xib in Resources */ = {isa = PBXBuildFile; fileRef = 0341A0F81AB49FEE00320BA8 /* MainMenu.xib */; };
		0341A1061AB49FEE00320BA8 /* Boot2Docker_StatusTests.m in Sources */ = {isa = PBXBuildFile; fileRef = 0341A1051AB49FEE00320BA8 /* Boot2Docker_StatusTests.m */; };
		0341A1241AB4A51500320BA8 /* docker@2x.png in Resources */ = {isa = PBXBuildFile; fileRef = 0341A1231AB4A51500320BA8 /* docker@2x.png */; };
		0341A1261AB4A60C00320BA8 /* docker-alt@2x.png in Resources */ = {isa = PBXBuildFile; fileRef = 0341A1251AB4A60C00320BA8 /* docker-alt@2x.png */; };
		0341A1281AB4BC3500320BA8 /* docker-loading@2x.png in Resources */ = {isa = PBXBuildFile; fileRef = 0341A1271AB4BC3500320BA8 /* docker-loading@2x.png */; };
		0341A12C1AB4C1E200320BA8 /* docker-full.png in Resources */ = {isa = PBXBuildFile; fileRef = 0341A12B1AB4C1E200320BA8 /* docker-full.png */; };
		0341A1321AB4D60700320BA8 /* LaunchAtLoginController.m in Sources */ = {isa = PBXBuildFile; fileRef = 0341A1311AB4D60700320BA8 /* LaunchAtLoginController.m */; };
/* End PBXBuildFile section */

/* Begin PBXContainerItemProxy section */
		0341A1001AB49FEE00320BA8 /* PBXContainerItemProxy */ = {
			isa = PBXContainerItemProxy;
			containerPortal = 0341A0E41AB49FEE00320BA8 /* Project object */;
			proxyType = 1;
			remoteGlobalIDString = 0341A0EB1AB49FEE00320BA8;
			remoteInfo = "Boot2Docker Status";
		};
/* End PBXContainerItemProxy section */

/* Begin PBXFileReference section */
		032563EC1AB50CA500B98388 /* boot2docker-status-icon.png */ = {isa = PBXFileReference; lastKnownFileType = image.png; path = "boot2docker-status-icon.png"; sourceTree = "<group>"; };
		0341A0EC1AB49FEE00320BA8 /* Boot2Docker Status.app */ = {isa = PBXFileReference; explicitFileType = wrapper.application; includeInIndex = 0; path = "Boot2Docker Status.app"; sourceTree = BUILT_PRODUCTS_DIR; };
		0341A0F01AB49FEE00320BA8 /* Info.plist */ = {isa = PBXFileReference; lastKnownFileType = text.plist.xml; path = Info.plist; sourceTree = "<group>"; };
		0341A0F11AB49FEE00320BA8 /* AppDelegate.h */ = {isa = PBXFileReference; lastKnownFileType = sourcecode.c.h; path = AppDelegate.h; sourceTree = "<group>"; };
		0341A0F21AB49FEE00320BA8 /* AppDelegate.m */ = {isa = PBXFileReference; lastKnownFileType = sourcecode.c.objc; path = AppDelegate.m; sourceTree = "<group>"; };
		0341A0F41AB49FEE00320BA8 /* main.m */ = {isa = PBXFileReference; lastKnownFileType = sourcecode.c.objc; path = main.m; sourceTree = "<group>"; };
		0341A0F61AB49FEE00320BA8 /* Images.xcassets */ = {isa = PBXFileReference; lastKnownFileType = folder.assetcatalog; path = Images.xcassets; sourceTree = "<group>"; };
		0341A0F91AB49FEE00320BA8 /* Base */ = {isa = PBXFileReference; lastKnownFileType = file.xib; name = Base; path = Base.lproj/MainMenu.xib; sourceTree = "<group>"; };
		0341A0FF1AB49FEE00320BA8 /* Boot2Docker StatusTests.xctest */ = {isa = PBXFileReference; explicitFileType = wrapper.cfbundle; includeInIndex = 0; path = "Boot2Docker StatusTests.xctest"; sourceTree = BUILT_PRODUCTS_DIR; };
		0341A1041AB49FEE00320BA8 /* Info.plist */ = {isa = PBXFileReference; lastKnownFileType = text.plist.xml; path = Info.plist; sourceTree = "<group>"; };
		0341A1051AB49FEE00320BA8 /* Boot2Docker_StatusTests.m */ = {isa = PBXFileReference; lastKnownFileType = sourcecode.c.objc; path = Boot2Docker_StatusTests.m; sourceTree = "<group>"; };
		0341A1231AB4A51500320BA8 /* docker@2x.png */ = {isa = PBXFileReference; lastKnownFileType = image.png; path = "docker@2x.png"; sourceTree = "<group>"; };
		0341A1251AB4A60C00320BA8 /* docker-alt@2x.png */ = {isa = PBXFileReference; lastKnownFileType = image.png; path = "docker-alt@2x.png"; sourceTree = "<group>"; };
		0341A1271AB4BC3500320BA8 /* docker-loading@2x.png */ = {isa = PBXFileReference; lastKnownFileType = image.png; path = "docker-loading@2x.png"; sourceTree = "<group>"; };
		0341A12B1AB4C1E200320BA8 /* docker-full.png */ = {isa = PBXFileReference; lastKnownFileType = image.png; path = "docker-full.png"; sourceTree = "<group>"; };
		0341A1301AB4D5CF00320BA8 /* LaunchAtLoginController.h */ = {isa = PBXFileReference; lastKnownFileType = sourcecode.c.h; path = LaunchAtLoginController.h; sourceTree = "<group>"; };
		0341A1311AB4D60700320BA8 /* LaunchAtLoginController.m */ = {isa = PBXFileReference; fileEncoding = 4; lastKnownFileType = sourcecode.c.objc; path = LaunchAtLoginController.m; sourceTree = "<group>"; };
/* End PBXFileReference section */

/* Begin PBXFrameworksBuildPhase section */
		0341A0E91AB49FEE00320BA8 /* Frameworks */ = {
			isa = PBXFrameworksBuildPhase;
			buildActionMask = 2147483647;
			files = (
			);
			runOnlyForDeploymentPostprocessing = 0;
		};
		0341A0FC1AB49FEE00320BA8 /* Frameworks */ = {
			isa = PBXFrameworksBuildPhase;
			buildActionMask = 2147483647;
			files = (
			);
			runOnlyForDeploymentPostprocessing = 0;
		};
/* End PBXFrameworksBuildPhase section */

/* Begin PBXGroup section */
		0341A0E31AB49FEE00320BA8 = {
			isa = PBXGroup;
			children = (
				0341A12B1AB4C1E200320BA8 /* docker-full.png */,
				032563EC1AB50CA500B98388 /* boot2docker-status-icon.png */,
				0341A1231AB4A51500320BA8 /* docker@2x.png */,
				0341A1251AB4A60C00320BA8 /* docker-alt@2x.png */,
				0341A1271AB4BC3500320BA8 /* docker-loading@2x.png */,
				0341A0EE1AB49FEE00320BA8 /* Boot2Docker Status */,
				0341A1021AB49FEE00320BA8 /* Boot2Docker StatusTests */,
				0341A0ED1AB49FEE00320BA8 /* Products */,
			);
			sourceTree = "<group>";
		};
		0341A0ED1AB49FEE00320BA8 /* Products */ = {
			isa = PBXGroup;
			children = (
				0341A0EC1AB49FEE00320BA8 /* Boot2Docker Status.app */,
				0341A0FF1AB49FEE00320BA8 /* Boot2Docker StatusTests.xctest */,
			);
			name = Products;
			sourceTree = "<group>";
		};
		0341A0EE1AB49FEE00320BA8 /* Boot2Docker Status */ = {
			isa = PBXGroup;
			children = (
				0341A0F11AB49FEE00320BA8 /* AppDelegate.h */,
				0341A0F21AB49FEE00320BA8 /* AppDelegate.m */,
				0341A0F61AB49FEE00320BA8 /* Images.xcassets */,
				0341A0F81AB49FEE00320BA8 /* MainMenu.xib */,
				0341A1301AB4D5CF00320BA8 /* LaunchAtLoginController.h */,
				0341A1311AB4D60700320BA8 /* LaunchAtLoginController.m */,
				0341A0EF1AB49FEE00320BA8 /* Supporting Files */,
			);
			path = "Boot2Docker Status";
			sourceTree = "<group>";
		};
		0341A0EF1AB49FEE00320BA8 /* Supporting Files */ = {
			isa = PBXGroup;
			children = (
				0341A0F01AB49FEE00320BA8 /* Info.plist */,
				0341A0F41AB49FEE00320BA8 /* main.m */,
			);
			name = "Supporting Files";
			sourceTree = "<group>";
		};
		0341A1021AB49FEE00320BA8 /* Boot2Docker StatusTests */ = {
			isa = PBXGroup;
			children = (
				0341A1051AB49FEE00320BA8 /* Boot2Docker_StatusTests.m */,
				0341A1031AB49FEE00320BA8 /* Supporting Files */,
			);
			path = "Boot2Docker StatusTests";
			sourceTree = "<group>";
		};
		0341A1031AB49FEE00320BA8 /* Supporting Files */ = {
			isa = PBXGroup;
			children = (
				0341A1041AB49FEE00320BA8 /* Info.plist */,
			);
			name = "Supporting Files";
			sourceTree = "<group>";
		};
/* End PBXGroup section */

/* Begin PBXNativeTarget section */
		0341A0EB1AB49FEE00320BA8 /* Boot2Docker Status */ = {
			isa = PBXNativeTarget;
			buildConfigurationList = 0341A1091AB49FEE00320BA8 /* Build configuration list for PBXNativeTarget "Boot2Docker Status" */;
			buildPhases = (
				0341A0E81AB49FEE00320BA8 /* Sources */,
				0341A0E91AB49FEE00320BA8 /* Frameworks */,
				0341A0EA1AB49FEE00320BA8 /* Resources */,
			);
			buildRules = (
			);
			dependencies = (
			);
			name = "Boot2Docker Status";
			productName = "Boot2Docker Status";
			productReference = 0341A0EC1AB49FEE00320BA8 /* Boot2Docker Status.app */;
			productType = "com.apple.product-type.application";
		};
		0341A0FE1AB49FEE00320BA8 /* Boot2Docker StatusTests */ = {
			isa = PBXNativeTarget;
			buildConfigurationList = 0341A10C1AB49FEE00320BA8 /* Build configuration list for PBXNativeTarget "Boot2Docker StatusTests" */;
			buildPhases = (
				0341A0FB1AB49FEE00320BA8 /* Sources */,
				0341A0FC1AB49FEE00320BA8 /* Frameworks */,
				0341A0FD1AB49FEE00320BA8 /* Resources */,
			);
			buildRules = (
			);
			dependencies = (
				0341A1011AB49FEE00320BA8 /* PBXTargetDependency */,
			);
			name = "Boot2Docker StatusTests";
			productName = "Boot2Docker StatusTests";
			productReference = 0341A0FF1AB49FEE00320BA8 /* Boot2Docker StatusTests.xctest */;
			productType = "com.apple.product-type.bundle.unit-test";
		};
/* End PBXNativeTarget section */

/* Begin PBXProject section */
		0341A0E41AB49FEE00320BA8 /* Project object */ = {
			isa = PBXProject;
			attributes = {
				LastUpgradeCheck = 0620;
				ORGANIZATIONNAME = "Nicholas Gartmann";
				TargetAttributes = {
					0341A0EB1AB49FEE00320BA8 = {
						CreatedOnToolsVersion = 6.2;
					};
					0341A0FE1AB49FEE00320BA8 = {
						CreatedOnToolsVersion = 6.2;
						TestTargetID = 0341A0EB1AB49FEE00320BA8;
					};
				};
			};
			buildConfigurationList = 0341A0E71AB49FEE00320BA8 /* Build configuration list for PBXProject "Boot2Docker Status" */;
			compatibilityVersion = "Xcode 3.2";
			developmentRegion = English;
			hasScannedForEncodings = 0;
			knownRegions = (
				en,
				Base,
			);
			mainGroup = 0341A0E31AB49FEE00320BA8;
			productRefGroup = 0341A0ED1AB49FEE00320BA8 /* Products */;
			projectDirPath = "";
			projectRoot = "";
			targets = (
				0341A0EB1AB49FEE00320BA8 /* Boot2Docker Status */,
				0341A0FE1AB49FEE00320BA8 /* Boot2Docker StatusTests */,
			);
		};
/* End PBXProject section */

/* Begin PBXResourcesBuildPhase section */
		0341A0EA1AB49FEE00320BA8 /* Resources */ = {
			isa = PBXResourcesBuildPhase;
			buildActionMask = 2147483647;
			files = (
				032563ED1AB50CA500B98388 /* boot2docker-status-icon.png in Resources */,
				0341A12C1AB4C1E200320BA8 /* docker-full.png in Resources */,
				0341A1261AB4A60C00320BA8 /* docker-alt@2x.png in Resources */,
				0341A1241AB4A51500320BA8 /* docker@2x.png in Resources */,
				0341A1281AB4BC3500320BA8 /* docker-loading@2x.png in Resources */,
				0341A0F71AB49FEE00320BA8 /* Images.xcassets in Resources */,
				0341A0FA1AB49FEE00320BA8 /* MainMenu.xib in Resources */,
			);
			runOnlyForDeploymentPostprocessing = 0;
		};
		0341A0FD1AB49FEE00320BA8 /* Resources */ = {
			isa = PBXResourcesBuildPhase;
			buildActionMask = 2147483647;
			files = (
			);
			runOnlyForDeploymentPostprocessing = 0;
		};
/* End PBXResourcesBuildPhase section */

/* Begin PBXSourcesBuildPhase section */
		0341A0E81AB49FEE00320BA8 /* Sources */ = {
			isa = PBXSourcesBuildPhase;
			buildActionMask = 2147483647;
			files = (
				0341A1321AB4D60700320BA8 /* LaunchAtLoginController.m in Sources */,
				0341A0F51AB49FEE00320BA8 /* main.m in Sources */,
				0341A0F31AB49FEE00320BA8 /* AppDelegate.m in Sources */,
			);
			runOnlyForDeploymentPostprocessing = 0;
		};
		0341A0FB1AB49FEE00320BA8 /* Sources */ = {
			isa = PBXSourcesBuildPhase;
			buildActionMask = 2147483647;
			files = (
				0341A1061AB49FEE00320BA8 /* Boot2Docker_StatusTests.m in Sources */,
			);
			runOnlyForDeploymentPostprocessing = 0;
		};
/* End PBXSourcesBuildPhase section */

/* Begin PBXTargetDependency section */
		0341A1011AB49FEE00320BA8 /* PBXTargetDependency */ = {
			isa = PBXTargetDependency;
			target = 0341A0EB1AB49FEE00320BA8 /* Boot2Docker Status */;
			targetProxy = 0341A1001AB49FEE00320BA8 /* PBXContainerItemProxy */;
		};
/* End PBXTargetDependency section */

/* Begin PBXVariantGroup section */
		0341A0F81AB49FEE00320BA8 /* MainMenu.xib */ = {
			isa = PBXVariantGroup;
			children = (
				0341A0F91AB49FEE00320BA8 /* Base */,
			);
			name = MainMenu.xib;
			sourceTree = "<group>";
		};
/* End PBXVariantGroup section */

/* Begin XCBuildConfiguration section */
		0341A1071AB49FEE00320BA8 /* Debug */ = {
			isa = XCBuildConfiguration;
			buildSettings = {
				ALWAYS_SEARCH_USER_PATHS = NO;
				CLANG_CXX_LANGUAGE_STANDARD = "gnu++0x";
				CLANG_CXX_LIBRARY = "libc++";
				CLANG_ENABLE_MODULES = YES;
				CLANG_ENABLE_OBJC_ARC = YES;
				CLANG_WARN_BOOL_CONVERSION = YES;
				CLANG_WARN_CONSTANT_CONVERSION = YES;
				CLANG_WARN_DIRECT_OBJC_ISA_USAGE = YES_ERROR;
				CLANG_WARN_EMPTY_BODY = YES;
				CLANG_WARN_ENUM_CONVERSION = YES;
				CLANG_WARN_INT_CONVERSION = YES;
				CLANG_WARN_OBJC_ROOT_CLASS = YES_ERROR;
				CLANG_WARN_UNREACHABLE_CODE = YES;
				CLANG_WARN__DUPLICATE_METHOD_MATCH = YES;
				CODE_SIGN_IDENTITY = "-";
				COPY_PHASE_STRIP = NO;
				ENABLE_STRICT_OBJC_MSGSEND = YES;
				GCC_C_LANGUAGE_STANDARD = gnu99;
				GCC_DYNAMIC_NO_PIC = NO;
				GCC_OPTIMIZATION_LEVEL = 0;
				GCC_PREPROCESSOR_DEFINITIONS = (
					"DEBUG=1",
					"$(inherited)",
				);
				GCC_SYMBOLS_PRIVATE_EXTERN = NO;
				GCC_WARN_64_TO_32_BIT_CONVERSION = YES;
				GCC_WARN_ABOUT_RETURN_TYPE = YES_ERROR;
				GCC_WARN_UNDECLARED_SELECTOR = YES;
				GCC_WARN_UNINITIALIZED_AUTOS = YES_AGGRESSIVE;
				GCC_WARN_UNUSED_FUNCTION = YES;
				GCC_WARN_UNUSED_VARIABLE = YES;
				MACOSX_DEPLOYMENT_TARGET = 10.10;
				MTL_ENABLE_DEBUG_INFO = YES;
				ONLY_ACTIVE_ARCH = YES;
				SDKROOT = macosx;
			};
			name = Debug;
		};
		0341A1081AB49FEE00320BA8 /* Release */ = {
			isa = XCBuildConfiguration;
			buildSettings = {
				ALWAYS_SEARCH_USER_PATHS = NO;
				CLANG_CXX_LANGUAGE_STANDARD = "gnu++0x";
				CLANG_CXX_LIBRARY = "libc++";
				CLANG_ENABLE_MODULES = YES;
				CLANG_ENABLE_OBJC_ARC = YES;
				CLANG_WARN_BOOL_CONVERSION = YES;
				CLANG_WARN_CONSTANT_CONVERSION = YES;
				CLANG_WARN_DIRECT_OBJC_ISA_USAGE = YES_ERROR;
				CLANG_WARN_EMPTY_BODY = YES;
				CLANG_WARN_ENUM_CONVERSION = YES;
				CLANG_WARN_INT_CONVERSION = YES;
				CLANG_WARN_OBJC_ROOT_CLASS = YES_ERROR;
				CLANG_WARN_UNREACHABLE_CODE = YES;
				CLANG_WARN__DUPLICATE_METHOD_MATCH = YES;
				CODE_SIGN_IDENTITY = "-";
				COPY_PHASE_STRIP = NO;
				DEBUG_INFORMATION_FORMAT = "dwarf-with-dsym";
				ENABLE_NS_ASSERTIONS = NO;
				ENABLE_STRICT_OBJC_MSGSEND = YES;
				GCC_C_LANGUAGE_STANDARD = gnu99;
				GCC_WARN_64_TO_32_BIT_CONVERSION = YES;
				GCC_WARN_ABOUT_RETURN_TYPE = YES_ERROR;
				GCC_WARN_UNDECLARED_SELECTOR = YES;
				GCC_WARN_UNINITIALIZED_AUTOS = YES_AGGRESSIVE;
				GCC_WARN_UNUSED_FUNCTION = YES;
				GCC_WARN_UNUSED_VARIABLE = YES;
				MACOSX_DEPLOYMENT_TARGET = 10.10;
				MTL_ENABLE_DEBUG_INFO = NO;
				SDKROOT = macosx;
			};
			name = Release;
		};
		0341A10A1AB49FEE00320BA8 /* Debug */ = {
			isa = XCBuildConfiguration;
			buildSettings = {
				ASSETCATALOG_COMPILER_APPICON_NAME = AppIcon;
				COMBINE_HIDPI_IMAGES = YES;
				INFOPLIST_FILE = "Boot2Docker Status/Info.plist";
				LD_RUNPATH_SEARCH_PATHS = "$(inherited) @executable_path/../Frameworks";
				PRODUCT_NAME = "$(TARGET_NAME)";
			};
			name = Debug;
		};
		0341A10B1AB49FEE00320BA8 /* Release */ = {
			isa = XCBuildConfiguration;
			buildSettings = {
				ASSETCATALOG_COMPILER_APPICON_NAME = AppIcon;
				COMBINE_HIDPI_IMAGES = YES;
				INFOPLIST_FILE = "Boot2Docker Status/Info.plist";
				LD_RUNPATH_SEARCH_PATHS = "$(inherited) @executable_path/../Frameworks";
				PRODUCT_NAME = "$(TARGET_NAME)";
			};
			name = Release;
		};
		0341A10D1AB49FEE00320BA8 /* Debug */ = {
			isa = XCBuildConfiguration;
			buildSettings = {
				BUNDLE_LOADER = "$(TEST_HOST)";
				COMBINE_HIDPI_IMAGES = YES;
				FRAMEWORK_SEARCH_PATHS = (
					"$(DEVELOPER_FRAMEWORKS_DIR)",
					"$(inherited)",
				);
				GCC_PREPROCESSOR_DEFINITIONS = (
					"DEBUG=1",
					"$(inherited)",
				);
				INFOPLIST_FILE = "Boot2Docker StatusTests/Info.plist";
				LD_RUNPATH_SEARCH_PATHS = "$(inherited) @executable_path/../Frameworks @loader_path/../Frameworks";
				PRODUCT_NAME = "$(TARGET_NAME)";
				TEST_HOST = "$(BUILT_PRODUCTS_DIR)/Boot2Docker Status.app/Contents/MacOS/Boot2Docker Status";
			};
			name = Debug;
		};
		0341A10E1AB49FEE00320BA8 /* Release */ = {
			isa = XCBuildConfiguration;
			buildSettings = {
				BUNDLE_LOADER = "$(TEST_HOST)";
				COMBINE_HIDPI_IMAGES = YES;
				FRAMEWORK_SEARCH_PATHS = (
					"$(DEVELOPER_FRAMEWORKS_DIR)",
					"$(inherited)",
				);
				INFOPLIST_FILE = "Boot2Docker StatusTests/Info.plist";
				LD_RUNPATH_SEARCH_PATHS = "$(inherited) @executable_path/../Frameworks @loader_path/../Frameworks";
				PRODUCT_NAME = "$(TARGET_NAME)";
				TEST_HOST = "$(BUILT_PRODUCTS_DIR)/Boot2Docker Status.app/Contents/MacOS/Boot2Docker Status";
			};
			name = Release;
		};
/* End XCBuildConfiguration section */

/* Begin XCConfigurationList section */
		0341A0E71AB49FEE00320BA8 /* Build configuration list for PBXProject "Boot2Docker Status" */ = {
			isa = XCConfigurationList;
			buildConfigurations = (
				0341A1071AB49FEE00320BA8 /* Debug */,
				0341A1081AB49FEE00320BA8 /* Release */,
			);
			defaultConfigurationIsVisible = 0;
			defaultConfigurationName = Release;
		};
		0341A1091AB49FEE00320BA8 /* Build configuration list for PBXNativeTarget "Boot2Docker Status" */ = {
			isa = XCConfigurationList;
			buildConfigurations = (
				0341A10A1AB49FEE00320BA8 /* Debug */,
				0341A10B1AB49FEE00320BA8 /* Release */,
			);
			defaultConfigurationIsVisible = 0;
			defaultConfigurationName = Release;
		};
		0341A10C1AB49FEE00320BA8 /* Build configuration list for PBXNativeTarget "Boot2Docker StatusTests" */ = {
			isa = XCConfigurationList;
			buildConfigurations = (
				0341A10D1AB49FEE00320BA8 /* Debug */,
				0341A10E1AB49FEE00320BA8 /* Release */,
			);
			defaultConfigurationIsVisible = 0;
			defaultConfigurationName = Release;
		};
/* End XCConfigurationList section */
	};
	rootObject = 0341A0E41AB49FEE00320BA8 /* Project object */;
}
